
Microsoft Visual Studio Solution File, Format Version 12.00
# Visual Studio Version 17
VisualStudioVersion = 17.8.34309.116
MinimumVisualStudioVersion = 10.0.40219.1
Project("{8BC9CEB8-8B4A-11D0-8D11-00A0C91BC942}") = "LAB_6.2_REC", "LAB_6.2_REC\LAB_6.2_REC.vcxproj", "{635B31ED-0464-4870-AE18-2C1DABD19DB7}"
EndProject
Project("{8BC9CEB8-8B4A-11D0-8D11-00A0C91BC942}") = "UnitTest", "UnitTest\UnitTest.vcxproj", "{DAD1247E-0CA6-457F-A834-94DB9E93BEC6}"
EndProject
Global
	GlobalSection(SolutionConfigurationPlatforms) = preSolution
		Debug|ARM64 = Debug|ARM64
		Debug|x64 = Debug|x64
		Debug|x86 = Debug|x86
		Release|ARM64 = Release|ARM64
		Release|x64 = Release|x64
		Release|x86 = Release|x86
	EndGlobalSection
	GlobalSection(ProjectConfigurationPlatforms) = postSolution
		{635B31ED-0464-4870-AE18-2C1DABD19DB7}.Debug|ARM64.ActiveCfg = Debug|ARM64
		{635B31ED-0464-4870-AE18-2C1DABD19DB7}.Debug|ARM64.Build.0 = Debug|ARM64
		{635B31ED-0464-4870-AE18-2C1DABD19DB7}.Debug|x64.ActiveCfg = Debug|x64
		{635B31ED-0464-4870-AE18-2C1DABD19DB7}.Debug|x64.Build.0 = Debug|x64
		{635B31ED-0464-4870-AE18-2C1DABD19DB7}.Debug|x86.ActiveCfg = Debug|Win32
		{635B31ED-0464-4870-AE18-2C1DABD19DB7}.Debug|x86.Build.0 = Debug|Win32
		{635B31ED-0464-4870-AE18-2C1DABD19DB7}.Release|ARM64.ActiveCfg = Release|ARM64
		{635B31ED-0464-4870-AE18-2C1DABD19DB7}.Release|ARM64.Build.0 = Release|ARM64
		{635B31ED-0464-4870-AE18-2C1DABD19DB7}.Release|x64.ActiveCfg = Release|x64
		{635B31ED-0464-4870-AE18-2C1DABD19DB7}.Release|x64.Build.0 = Release|x64
		{635B31ED-0464-4870-AE18-2C1DABD19DB7}.Release|x86.ActiveCfg = Release|Win32
		{635B31ED-0464-4870-AE18-2C1DABD19DB7}.Release|x86.Build.0 = Release|Win32
		{DAD1247E-0CA6-457F-A834-94DB9E93BEC6}.Debug|ARM64.ActiveCfg = Debug|ARM64
		{DAD1247E-0CA6-457F-A834-94DB9E93BEC6}.Debug|ARM64.Build.0 = Debug|ARM64
		{DAD1247E-0CA6-457F-A834-94DB9E93BEC6}.Debug|x64.ActiveCfg = Debug|x64
		{DAD1247E-0CA6-457F-A834-94DB9E93BEC6}.Debug|x64.Build.0 = Debug|x64
		{DAD1247E-0CA6-457F-A834-94DB9E93BEC6}.Debug|x86.ActiveCfg = Debug|Win32
		{DAD1247E-0CA6-457F-A834-94DB9E93BEC6}.Debug|x86.Build.0 = Debug|Win32
		{DAD1247E-0CA6-457F-A834-94DB9E93BEC6}.Release|ARM64.ActiveCfg = Release|ARM64
		{DAD1247E-0CA6-457F-A834-94DB9E93BEC6}.Release|ARM64.Build.0 = Release|ARM64
		{DAD1247E-0CA6-457F-A834-94DB9E93BEC6}.Release|x64.ActiveCfg = Release|x64
		{DAD1247E-0CA6-457F-A834-94DB9E93BEC6}.Release|x64.Build.0 = Release|x64
		{DAD1247E-0CA6-457F-A834-94DB9E93BEC6}.Release|x86.ActiveCfg = Release|Win32
		{DAD1247E-0CA6-457F-A834-94DB9E93BEC6}.Release|x86.Build.0 = Release|Win32
	EndGlobalSection
	GlobalSection(SolutionProperties) = preSolution
		HideSolutionNode = FALSE
	EndGlobalSection
	GlobalSection(ExtensibilityGlobals) = postSolution
		SolutionGuid = {30B7296A-9817-4161-B600-226F48C49A70}
	EndGlobalSection
EndGlobal
